// !$*UTF8*$!
{
	archiveVersion = 1;
	classes = {
	};
	objectVersion = 48;
	objects = {

/* Begin PBXBuildFile section */
		4F0D2FAD203722DE0014B52B /* TestimonialViewController.swift in Sources */ = {isa = PBXBuildFile; fileRef = 4F0D2FAC203722DE0014B52B /* TestimonialViewController.swift */; };
		4F0D2FAF2037231A0014B52B /* TestimonialCollectionViewCell.swift in Sources */ = {isa = PBXBuildFile; fileRef = 4F0D2FAE2037231A0014B52B /* TestimonialCollectionViewCell.swift */; };
		4F145716203C2EE80045ABDD /* PresentSectionViewController.swift in Sources */ = {isa = PBXBuildFile; fileRef = 4F145715203C2EE80045ABDD /* PresentSectionViewController.swift */; };
		4F2798432036DC33007D29DF /* SectionViewController.swift in Sources */ = {isa = PBXBuildFile; fileRef = 4F2798422036DC33007D29DF /* SectionViewController.swift */; };
		4F2798452036F490007D29DF /* Data.swift in Sources */ = {isa = PBXBuildFile; fileRef = 4F2798442036F490007D29DF /* Data.swift */; };
		4F2798472036F564007D29DF /* SectionCollectionViewCell.swift in Sources */ = {isa = PBXBuildFile; fileRef = 4F2798462036F564007D29DF /* SectionCollectionViewCell.swift */; };
		4F3D705A203D93B8003C8488 /* LoginViewController.swift in Sources */ = {isa = PBXBuildFile; fileRef = 4F3D7059203D93B8003C8488 /* LoginViewController.swift */; };
		4F4D51B120348F890089933E /* AppDelegate.swift in Sources */ = {isa = PBXBuildFile; fileRef = 4F4D51B020348F890089933E /* AppDelegate.swift */; };
		4F4D51B320348F890089933E /* HomeViewController.swift in Sources */ = {isa = PBXBuildFile; fileRef = 4F4D51B220348F890089933E /* HomeViewController.swift */; };
		4F4D51B620348F890089933E /* Main.storyboard in Resources */ = {isa = PBXBuildFile; fileRef = 4F4D51B420348F890089933E /* Main.storyboard */; };
		4F4D51B920348F890089933E /* DesignCodeApp.xcdatamodeld in Sources */ = {isa = PBXBuildFile; fileRef = 4F4D51B720348F890089933E /* DesignCodeApp.xcdatamodeld */; };
		4F4D51BB20348F890089933E /* Assets.xcassets in Resources */ = {isa = PBXBuildFile; fileRef = 4F4D51BA20348F890089933E /* Assets.xcassets */; };
		4F4D51BE20348F890089933E /* LaunchScreen.storyboard in Resources */ = {isa = PBXBuildFile; fileRef = 4F4D51BC20348F890089933E /* LaunchScreen.storyboard */; };
		4F6D5804203C6D13008B7DF9 /* InteractionPanToClose.swift in Sources */ = {isa = PBXBuildFile; fileRef = 4F6D5803203C6D13008B7DF9 /* InteractionPanToClose.swift */; };
		4F6D5806203C7D49008B7DF9 /* PurchaseViewController.swift in Sources */ = {isa = PBXBuildFile; fileRef = 4F6D5805203C7D49008B7DF9 /* PurchaseViewController.swift */; };
		4F8C8EDC203B0C1B00C9F4B8 /* ChaptersViewController.swift in Sources */ = {isa = PBXBuildFile; fileRef = 4F8C8EDB203B0C1B00C9F4B8 /* ChaptersViewController.swift */; };
		4F8C8EDE203B142B00C9F4B8 /* BookmarksTableViewController.swift in Sources */ = {isa = PBXBuildFile; fileRef = 4F8C8EDD203B142B00C9F4B8 /* BookmarksTableViewController.swift */; };
		4F8C8EE0203B1BFC00C9F4B8 /* BookmarksTableViewCell.swift in Sources */ = {isa = PBXBuildFile; fileRef = 4F8C8EDF203B1BFC00C9F4B8 /* BookmarksTableViewCell.swift */; };
		4F8C8EE2203B2F6100C9F4B8 /* WebViewController.swift in Sources */ = {isa = PBXBuildFile; fileRef = 4F8C8EE1203B2F6100C9F4B8 /* WebViewController.swift */; };
		4F8C8EE4203B33BF00C9F4B8 /* MoreViewController.swift in Sources */ = {isa = PBXBuildFile; fileRef = 4F8C8EE3203B33BF00C9F4B8 /* MoreViewController.swift */; };
		4FB2FA4C203D794300061BE1 /* DiscountViewController.swift in Sources */ = {isa = PBXBuildFile; fileRef = 4FB2FA4B203D794300061BE1 /* DiscountViewController.swift */; };
		4FB2FA4E203D7A4800061BE1 /* UILabel+Inspectable.swift in Sources */ = {isa = PBXBuildFile; fileRef = 4FB2FA4D203D7A4800061BE1 /* UILabel+Inspectable.swift */; };
		D7E4E23BDE8597838960B203 /* Pods_DesignCodeApp.framework in Frameworks */ = {isa = PBXBuildFile; fileRef = FF770B71D04C7104DECEC2CC /* Pods_DesignCodeApp.framework */; };
/* End PBXBuildFile section */

/* Begin PBXFileReference section */
		43AB5269DDEDCAD84CFD334C /* Pods-DesignCodeApp.debug.xcconfig */ = {isa = PBXFileReference; includeInIndex = 1; lastKnownFileType = text.xcconfig; name = "Pods-DesignCodeApp.debug.xcconfig"; path = "Pods/Target Support Files/Pods-DesignCodeApp/Pods-DesignCodeApp.debug.xcconfig"; sourceTree = "<group>"; };
		4F0D2FAC203722DE0014B52B /* TestimonialViewController.swift */ = {isa = PBXFileReference; lastKnownFileType = sourcecode.swift; path = TestimonialViewController.swift; sourceTree = "<group>"; };
		4F0D2FAE2037231A0014B52B /* TestimonialCollectionViewCell.swift */ = {isa = PBXFileReference; lastKnownFileType = sourcecode.swift; path = TestimonialCollectionViewCell.swift; sourceTree = "<group>"; };
		4F145715203C2EE80045ABDD /* PresentSectionViewController.swift */ = {isa = PBXFileReference; lastKnownFileType = sourcecode.swift; path = PresentSectionViewController.swift; sourceTree = "<group>"; };
		4F2798422036DC33007D29DF /* SectionViewController.swift */ = {isa = PBXFileReference; lastKnownFileType = sourcecode.swift; path = SectionViewController.swift; sourceTree = "<group>"; };
		4F2798442036F490007D29DF /* Data.swift */ = {isa = PBXFileReference; lastKnownFileType = sourcecode.swift; path = Data.swift; sourceTree = "<group>"; };
		4F2798462036F564007D29DF /* SectionCollectionViewCell.swift */ = {isa = PBXFileReference; lastKnownFileType = sourcecode.swift; path = SectionCollectionViewCell.swift; sourceTree = "<group>"; };
		4F3D7059203D93B8003C8488 /* LoginViewController.swift */ = {isa = PBXFileReference; lastKnownFileType = sourcecode.swift; path = LoginViewController.swift; sourceTree = "<group>"; };
		4F4D51AD20348F890089933E /* DesignCodeApp.app */ = {isa = PBXFileReference; explicitFileType = wrapper.application; includeInIndex = 0; path = DesignCodeApp.app; sourceTree = BUILT_PRODUCTS_DIR; };
		4F4D51B020348F890089933E /* AppDelegate.swift */ = {isa = PBXFileReference; lastKnownFileType = sourcecode.swift; path = AppDelegate.swift; sourceTree = "<group>"; };
		4F4D51B220348F890089933E /* HomeViewController.swift */ = {isa = PBXFileReference; lastKnownFileType = sourcecode.swift; path = HomeViewController.swift; sourceTree = "<group>"; };
		4F4D51B520348F890089933E /* Base */ = {isa = PBXFileReference; lastKnownFileType = file.storyboard; name = Base; path = Base.lproj/Main.storyboard; sourceTree = "<group>"; };
		4F4D51B820348F890089933E /* DesignCodeApp.xcdatamodel */ = {isa = PBXFileReference; lastKnownFileType = wrapper.xcdatamodel; path = DesignCodeApp.xcdatamodel; sourceTree = "<group>"; };
		4F4D51BA20348F890089933E /* Assets.xcassets */ = {isa = PBXFileReference; lastKnownFileType = folder.assetcatalog; path = Assets.xcassets; sourceTree = "<group>"; };
		4F4D51BD20348F890089933E /* Base */ = {isa = PBXFileReference; lastKnownFileType = file.storyboard; name = Base; path = Base.lproj/LaunchScreen.storyboard; sourceTree = "<group>"; };
		4F4D51BF20348F890089933E /* Info.plist */ = {isa = PBXFileReference; lastKnownFileType = text.plist.xml; path = Info.plist; sourceTree = "<group>"; };
		4F6D5803203C6D13008B7DF9 /* InteractionPanToClose.swift */ = {isa = PBXFileReference; lastKnownFileType = sourcecode.swift; path = InteractionPanToClose.swift; sourceTree = "<group>"; };
		4F6D5805203C7D49008B7DF9 /* PurchaseViewController.swift */ = {isa = PBXFileReference; lastKnownFileType = sourcecode.swift; path = PurchaseViewController.swift; sourceTree = "<group>"; };
		4F8C8EDB203B0C1B00C9F4B8 /* ChaptersViewController.swift */ = {isa = PBXFileReference; lastKnownFileType = sourcecode.swift; path = ChaptersViewController.swift; sourceTree = "<group>"; };
		4F8C8EDD203B142B00C9F4B8 /* BookmarksTableViewController.swift */ = {isa = PBXFileReference; lastKnownFileType = sourcecode.swift; path = BookmarksTableViewController.swift; sourceTree = "<group>"; };
		4F8C8EDF203B1BFC00C9F4B8 /* BookmarksTableViewCell.swift */ = {isa = PBXFileReference; lastKnownFileType = sourcecode.swift; path = BookmarksTableViewCell.swift; sourceTree = "<group>"; };
		4F8C8EE1203B2F6100C9F4B8 /* WebViewController.swift */ = {isa = PBXFileReference; lastKnownFileType = sourcecode.swift; path = WebViewController.swift; sourceTree = "<group>"; };
		4F8C8EE3203B33BF00C9F4B8 /* MoreViewController.swift */ = {isa = PBXFileReference; lastKnownFileType = sourcecode.swift; path = MoreViewController.swift; sourceTree = "<group>"; };
		4FB2FA4B203D794300061BE1 /* DiscountViewController.swift */ = {isa = PBXFileReference; lastKnownFileType = sourcecode.swift; path = DiscountViewController.swift; sourceTree = "<group>"; };
		4FB2FA4D203D7A4800061BE1 /* UILabel+Inspectable.swift */ = {isa = PBXFileReference; lastKnownFileType = sourcecode.swift; path = "UILabel+Inspectable.swift"; sourceTree = "<group>"; };
		FF57C0E2E5F2C1FFEDFF75F5 /* Pods-DesignCodeApp.release.xcconfig */ = {isa = PBXFileReference; includeInIndex = 1; lastKnownFileType = text.xcconfig; name = "Pods-DesignCodeApp.release.xcconfig"; path = "Pods/Target Support Files/Pods-DesignCodeApp/Pods-DesignCodeApp.release.xcconfig"; sourceTree = "<group>"; };
		FF770B71D04C7104DECEC2CC /* Pods_DesignCodeApp.framework */ = {isa = PBXFileReference; explicitFileType = wrapper.framework; includeInIndex = 0; path = Pods_DesignCodeApp.framework; sourceTree = BUILT_PRODUCTS_DIR; };
/* End PBXFileReference section */

/* Begin PBXFrameworksBuildPhase section */
		4F4D51AA20348F890089933E /* Frameworks */ = {
			isa = PBXFrameworksBuildPhase;
			buildActionMask = 2147483647;
			files = (
				D7E4E23BDE8597838960B203 /* Pods_DesignCodeApp.framework in Frameworks */,
			);
			runOnlyForDeploymentPostprocessing = 0;
		};
/* End PBXFrameworksBuildPhase section */

/* Begin PBXGroup section */
		4AF38EAF5BBF9B631D229375 /* Pods */ = {
			isa = PBXGroup;
			children = (
				43AB5269DDEDCAD84CFD334C /* Pods-DesignCodeApp.debug.xcconfig */,
				FF57C0E2E5F2C1FFEDFF75F5 /* Pods-DesignCodeApp.release.xcconfig */,
			);
			name = Pods;
			sourceTree = "<group>";
		};
		4F4D51A420348F890089933E = {
			isa = PBXGroup;
			children = (
				4F4D51AF20348F890089933E /* DesignCodeApp */,
				4F4D51AE20348F890089933E /* Products */,
				4AF38EAF5BBF9B631D229375 /* Pods */,
				65516B832A8887A888698EC5 /* Frameworks */,
			);
			sourceTree = "<group>";
		};
		4F4D51AE20348F890089933E /* Products */ = {
			isa = PBXGroup;
			children = (
				4F4D51AD20348F890089933E /* DesignCodeApp.app */,
			);
			name = Products;
			sourceTree = "<group>";
		};
		4F4D51AF20348F890089933E /* DesignCodeApp */ = {
			isa = PBXGroup;
			children = (
				4F4D51B020348F890089933E /* AppDelegate.swift */,
				4F4D51B220348F890089933E /* HomeViewController.swift */,
				4F8C8EDB203B0C1B00C9F4B8 /* ChaptersViewController.swift */,
				4F2798422036DC33007D29DF /* SectionViewController.swift */,
				4F2798462036F564007D29DF /* SectionCollectionViewCell.swift */,
				4F0D2FAC203722DE0014B52B /* TestimonialViewController.swift */,
				4F0D2FAE2037231A0014B52B /* TestimonialCollectionViewCell.swift */,
				4F8C8EDD203B142B00C9F4B8 /* BookmarksTableViewController.swift */,
				4F8C8EDF203B1BFC00C9F4B8 /* BookmarksTableViewCell.swift */,
				4F8C8EE3203B33BF00C9F4B8 /* MoreViewController.swift */,
				4F8C8EE1203B2F6100C9F4B8 /* WebViewController.swift */,
				4F145715203C2EE80045ABDD /* PresentSectionViewController.swift */,
				4F6D5805203C7D49008B7DF9 /* PurchaseViewController.swift */,
				4FB2FA4B203D794300061BE1 /* DiscountViewController.swift */,
				4F3D7059203D93B8003C8488 /* LoginViewController.swift */,
				4FB2FA4D203D7A4800061BE1 /* UILabel+Inspectable.swift */,
				4F6D5803203C6D13008B7DF9 /* InteractionPanToClose.swift */,
				4F2798442036F490007D29DF /* Data.swift */,
				4F4D51BA20348F890089933E /* Assets.xcassets */,
				4F4D51BF20348F890089933E /* Info.plist */,
				4F4D51B420348F890089933E /* Main.storyboard */,
				4F4D51BC20348F890089933E /* LaunchScreen.storyboard */,
				4F4D51B720348F890089933E /* DesignCodeApp.xcdatamodeld */,
			);
			path = DesignCodeApp;
			sourceTree = "<group>";
		};
		65516B832A8887A888698EC5 /* Frameworks */ = {
			isa = PBXGroup;
			children = (
				FF770B71D04C7104DECEC2CC /* Pods_DesignCodeApp.framework */,
			);
			name = Frameworks;
			sourceTree = "<group>";
		};
/* End PBXGroup section */

/* Begin PBXNativeTarget section */
		4F4D51AC20348F890089933E /* DesignCodeApp */ = {
			isa = PBXNativeTarget;
			buildConfigurationList = 4F4D51C220348F890089933E /* Build configuration list for PBXNativeTarget "DesignCodeApp" */;
			buildPhases = (
				C12EC9A8BA5D31F3FDF08E87 /* [CP] Check Pods Manifest.lock */,
				4F4D51A920348F890089933E /* Sources */,
				4F4D51AA20348F890089933E /* Frameworks */,
				4F4D51AB20348F890089933E /* Resources */,
				AEE2914A883A5275322A99FE /* [CP] Embed Pods Frameworks */,
				80ADC83812A8BE1618BBD1E6 /* [CP] Copy Pods Resources */,
			);
			buildRules = (
			);
			dependencies = (
			);
			name = DesignCodeApp;
			productName = DesignCodeApp;
			productReference = 4F4D51AD20348F890089933E /* DesignCodeApp.app */;
			productType = "com.apple.product-type.application";
		};
/* End PBXNativeTarget section */

/* Begin PBXProject section */
		4F4D51A520348F890089933E /* Project object */ = {
			isa = PBXProject;
			attributes = {
				LastSwiftUpdateCheck = 0920;
				LastUpgradeCheck = 0920;
				ORGANIZATIONNAME = "Roger Florat";
				TargetAttributes = {
					4F4D51AC20348F890089933E = {
						CreatedOnToolsVersion = 9.2;
						ProvisioningStyle = Automatic;
					};
				};
			};
			buildConfigurationList = 4F4D51A820348F890089933E /* Build configuration list for PBXProject "DesignCodeApp" */;
			compatibilityVersion = "Xcode 8.0";
			developmentRegion = en;
			hasScannedForEncodings = 0;
			knownRegions = (
				en,
				Base,
			);
			mainGroup = 4F4D51A420348F890089933E;
			productRefGroup = 4F4D51AE20348F890089933E /* Products */;
			projectDirPath = "";
			projectRoot = "";
			targets = (
				4F4D51AC20348F890089933E /* DesignCodeApp */,
			);
		};
/* End PBXProject section */

/* Begin PBXResourcesBuildPhase section */
		4F4D51AB20348F890089933E /* Resources */ = {
			isa = PBXResourcesBuildPhase;
			buildActionMask = 2147483647;
			files = (
				4F4D51BE20348F890089933E /* LaunchScreen.storyboard in Resources */,
				4F4D51BB20348F890089933E /* Assets.xcassets in Resources */,
				4F4D51B620348F890089933E /* Main.storyboard in Resources */,
			);
			runOnlyForDeploymentPostprocessing = 0;
		};
/* End PBXResourcesBuildPhase section */

/* Begin PBXShellScriptBuildPhase section */
		80ADC83812A8BE1618BBD1E6 /* [CP] Copy Pods Resources */ = {
			isa = PBXShellScriptBuildPhase;
			buildActionMask = 2147483647;
			files = (
			);
			inputPaths = (
			);
			name = "[CP] Copy Pods Resources";
			outputPaths = (
			);
			runOnlyForDeploymentPostprocessing = 0;
			shellPath = /bin/sh;
			shellScript = "\"${SRCROOT}/Pods/Target Support Files/Pods-DesignCodeApp/Pods-DesignCodeApp-resources.sh\"\n";
			showEnvVarsInLog = 0;
		};
		AEE2914A883A5275322A99FE /* [CP] Embed Pods Frameworks */ = {
			isa = PBXShellScriptBuildPhase;
			buildActionMask = 2147483647;
			files = (
			);
			inputPaths = (
				"${SRCROOT}/Pods/Target Support Files/Pods-DesignCodeApp/Pods-DesignCodeApp-frameworks.sh",
				"${BUILT_PRODUCTS_DIR}/Spring/Spring.framework",
				"${BUILT_PRODUCTS_DIR}/TPKeyboardAvoiding/TPKeyboardAvoiding.framework",
			);
			name = "[CP] Embed Pods Frameworks";
			outputPaths = (
				"${TARGET_BUILD_DIR}/${FRAMEWORKS_FOLDER_PATH}/Spring.framework",
				"${TARGET_BUILD_DIR}/${FRAMEWORKS_FOLDER_PATH}/TPKeyboardAvoiding.framework",
			);
			runOnlyForDeploymentPostprocessing = 0;
			shellPath = /bin/sh;
			shellScript = "\"${SRCROOT}/Pods/Target Support Files/Pods-DesignCodeApp/Pods-DesignCodeApp-frameworks.sh\"\n";
			showEnvVarsInLog = 0;
		};
		C12EC9A8BA5D31F3FDF08E87 /* [CP] Check Pods Manifest.lock */ = {
			isa = PBXShellScriptBuildPhase;
			buildActionMask = 2147483647;
			files = (
			);
			inputPaths = (
				"${PODS_PODFILE_DIR_PATH}/Podfile.lock",
				"${PODS_ROOT}/Manifest.lock",
			);
			name = "[CP] Check Pods Manifest.lock";
			outputPaths = (
				"$(DERIVED_FILE_DIR)/Pods-DesignCodeApp-checkManifestLockResult.txt",
			);
			runOnlyForDeploymentPostprocessing = 0;
			shellPath = /bin/sh;
			shellScript = "diff \"${PODS_PODFILE_DIR_PATH}/Podfile.lock\" \"${PODS_ROOT}/Manifest.lock\" > /dev/null\nif [ $? != 0 ] ; then\n    # print error to STDERR\n    echo \"error: The sandbox is not in sync with the Podfile.lock. Run 'pod install' or update your CocoaPods installation.\" >&2\n    exit 1\nfi\n# This output is used by Xcode 'outputs' to avoid re-running this script phase.\necho \"SUCCESS\" > \"${SCRIPT_OUTPUT_FILE_0}\"\n";
			showEnvVarsInLog = 0;
		};
/* End PBXShellScriptBuildPhase section */

/* Begin PBXSourcesBuildPhase section */
		4F4D51A920348F890089933E /* Sources */ = {
			isa = PBXSourcesBuildPhase;
			buildActionMask = 2147483647;
			files = (
				4F4D51B320348F890089933E /* HomeViewController.swift in Sources */,
				4F6D5806203C7D49008B7DF9 /* PurchaseViewController.swift in Sources */,
				4F8C8EE4203B33BF00C9F4B8 /* MoreViewController.swift in Sources */,
				4F8C8EDE203B142B00C9F4B8 /* BookmarksTableViewController.swift in Sources */,
				4F3D705A203D93B8003C8488 /* LoginViewController.swift in Sources */,
				4F2798452036F490007D29DF /* Data.swift in Sources */,
				4F4D51B120348F890089933E /* AppDelegate.swift in Sources */,
				4F2798432036DC33007D29DF /* SectionViewController.swift in Sources */,
				4F8C8EE0203B1BFC00C9F4B8 /* BookmarksTableViewCell.swift in Sources */,
				4F6D5804203C6D13008B7DF9 /* InteractionPanToClose.swift in Sources */,
				4F0D2FAD203722DE0014B52B /* TestimonialViewController.swift in Sources */,
				4F145716203C2EE80045ABDD /* PresentSectionViewController.swift in Sources */,
				4F8C8EE2203B2F6100C9F4B8 /* WebViewController.swift in Sources */,
				4FB2FA4C203D794300061BE1 /* DiscountViewController.swift in Sources */,
				4F2798472036F564007D29DF /* SectionCollectionViewCell.swift in Sources */,
				4F0D2FAF2037231A0014B52B /* TestimonialCollectionViewCell.swift in Sources */,
				4FB2FA4E203D7A4800061BE1 /* UILabel+Inspectable.swift in Sources */,
				4F4D51B920348F890089933E /* DesignCodeApp.xcdatamodeld in Sources */,
				4F8C8EDC203B0C1B00C9F4B8 /* ChaptersViewController.swift in Sources */,
			);
			runOnlyForDeploymentPostprocessing = 0;
		};
/* End PBXSourcesBuildPhase section */

/* Begin PBXVariantGroup section */
		4F4D51B420348F890089933E /* Main.storyboard */ = {
			isa = PBXVariantGroup;
			children = (
				4F4D51B520348F890089933E /* Base */,
			);
			name = Main.storyboard;
			sourceTree = "<group>";
		};
		4F4D51BC20348F890089933E /* LaunchScreen.storyboard */ = {
			isa = PBXVariantGroup;
			children = (
				4F4D51BD20348F890089933E /* Base */,
			);
			name = LaunchScreen.storyboard;
			sourceTree = "<group>";
		};
/* End PBXVariantGroup section */

/* Begin XCBuildConfiguration section */
		4F4D51C020348F890089933E /* Debug */ = {
			isa = XCBuildConfiguration;
			buildSettings = {
				ALWAYS_SEARCH_USER_PATHS = NO;
				CLANG_ANALYZER_NONNULL = YES;
				CLANG_ANALYZER_NUMBER_OBJECT_CONVERSION = YES_AGGRESSIVE;
				CLANG_CXX_LANGUAGE_STANDARD = "gnu++14";
				CLANG_CXX_LIBRARY = "libc++";
				CLANG_ENABLE_MODULES = YES;
				CLANG_ENABLE_OBJC_ARC = YES;
				CLANG_WARN_BLOCK_CAPTURE_AUTORELEASING = YES;
				CLANG_WARN_BOOL_CONVERSION = YES;
				CLANG_WARN_COMMA = YES;
				CLANG_WARN_CONSTANT_CONVERSION = YES;
				CLANG_WARN_DIRECT_OBJC_ISA_USAGE = YES_ERROR;
				CLANG_WARN_DOCUMENTATION_COMMENTS = YES;
				CLANG_WARN_EMPTY_BODY = YES;
				CLANG_WARN_ENUM_CONVERSION = YES;
				CLANG_WARN_INFINITE_RECURSION = YES;
				CLANG_WARN_INT_CONVERSION = YES;
				CLANG_WARN_NON_LITERAL_NULL_CONVERSION = YES;
				CLANG_WARN_OBJC_LITERAL_CONVERSION = YES;
				CLANG_WARN_OBJC_ROOT_CLASS = YES_ERROR;
				CLANG_WARN_RANGE_LOOP_ANALYSIS = YES;
				CLANG_WARN_STRICT_PROTOTYPES = YES;
				CLANG_WARN_SUSPICIOUS_MOVE = YES;
				CLANG_WARN_UNGUARDED_AVAILABILITY = YES_AGGRESSIVE;
				CLANG_WARN_UNREACHABLE_CODE = YES;
				CLANG_WARN__DUPLICATE_METHOD_MATCH = YES;
				CODE_SIGN_IDENTITY = "iPhone Developer";
				COPY_PHASE_STRIP = NO;
				DEBUG_INFORMATION_FORMAT = dwarf;
				ENABLE_STRICT_OBJC_MSGSEND = YES;
				ENABLE_TESTABILITY = YES;
				GCC_C_LANGUAGE_STANDARD = gnu11;
				GCC_DYNAMIC_NO_PIC = NO;
				GCC_NO_COMMON_BLOCKS = YES;
				GCC_OPTIMIZATION_LEVEL = 0;
				GCC_PREPROCESSOR_DEFINITIONS = (
					"DEBUG=1",
					"$(inherited)",
				);
				GCC_WARN_64_TO_32_BIT_CONVERSION = YES;
				GCC_WARN_ABOUT_RETURN_TYPE = YES_ERROR;
				GCC_WARN_UNDECLARED_SELECTOR = YES;
				GCC_WARN_UNINITIALIZED_AUTOS = YES_AGGRESSIVE;
				GCC_WARN_UNUSED_FUNCTION = YES;
				GCC_WARN_UNUSED_VARIABLE = YES;
				IPHONEOS_DEPLOYMENT_TARGET = 11.2;
				MTL_ENABLE_DEBUG_INFO = YES;
				ONLY_ACTIVE_ARCH = YES;
				SDKROOT = iphoneos;
				SWIFT_ACTIVE_COMPILATION_CONDITIONS = DEBUG;
				SWIFT_OPTIMIZATION_LEVEL = "-Onone";
			};
			name = Debug;
		};
		4F4D51C120348F890089933E /* Release */ = {
			isa = XCBuildConfiguration;
			buildSettings = {
				ALWAYS_SEARCH_USER_PATHS = NO;
				CLANG_ANALYZER_NONNULL = YES;
				CLANG_ANALYZER_NUMBER_OBJECT_CONVERSION = YES_AGGRESSIVE;
				CLANG_CXX_LANGUAGE_STANDARD = "gnu++14";
				CLANG_CXX_LIBRARY = "libc++";
				CLANG_ENABLE_MODULES = YES;
				CLANG_ENABLE_OBJC_ARC = YES;
				CLANG_WARN_BLOCK_CAPTURE_AUTORELEASING = YES;
				CLANG_WARN_BOOL_CONVERSION = YES;
				CLANG_WARN_COMMA = YES;
				CLANG_WARN_CONSTANT_CONVERSION = YES;
				CLANG_WARN_DIRECT_OBJC_ISA_USAGE = YES_ERROR;
				CLANG_WARN_DOCUMENTATION_COMMENTS = YES;
				CLANG_WARN_EMPTY_BODY = YES;
				CLANG_WARN_ENUM_CONVERSION = YES;
				CLANG_WARN_INFINITE_RECURSION = YES;
				CLANG_WARN_INT_CONVERSION = YES;
				CLANG_WARN_NON_LITERAL_NULL_CONVERSION = YES;
				CLANG_WARN_OBJC_LITERAL_CONVERSION = YES;
				CLANG_WARN_OBJC_ROOT_CLASS = YES_ERROR;
				CLANG_WARN_RANGE_LOOP_ANALYSIS = YES;
				CLANG_WARN_STRICT_PROTOTYPES = YES;
				CLANG_WARN_SUSPICIOUS_MOVE = YES;
				CLANG_WARN_UNGUARDED_AVAILABILITY = YES_AGGRESSIVE;
				CLANG_WARN_UNREACHABLE_CODE = YES;
				CLANG_WARN__DUPLICATE_METHOD_MATCH = YES;
				CODE_SIGN_IDENTITY = "iPhone Developer";
				COPY_PHASE_STRIP = NO;
				DEBUG_INFORMATION_FORMAT = "dwarf-with-dsym";
				ENABLE_NS_ASSERTIONS = NO;
				ENABLE_STRICT_OBJC_MSGSEND = YES;
				GCC_C_LANGUAGE_STANDARD = gnu11;
				GCC_NO_COMMON_BLOCKS = YES;
				GCC_WARN_64_TO_32_BIT_CONVERSION = YES;
				GCC_WARN_ABOUT_RETURN_TYPE = YES_ERROR;
				GCC_WARN_UNDECLARED_SELECTOR = YES;
				GCC_WARN_UNINITIALIZED_AUTOS = YES_AGGRESSIVE;
				GCC_WARN_UNUSED_FUNCTION = YES;
				GCC_WARN_UNUSED_VARIABLE = YES;
				IPHONEOS_DEPLOYMENT_TARGET = 11.2;
				MTL_ENABLE_DEBUG_INFO = NO;
				SDKROOT = iphoneos;
				SWIFT_OPTIMIZATION_LEVEL = "-Owholemodule";
				VALIDATE_PRODUCT = YES;
			};
			name = Release;
		};
		4F4D51C320348F890089933E /* Debug */ = {
			isa = XCBuildConfiguration;
			baseConfigurationReference = 43AB5269DDEDCAD84CFD334C /* Pods-DesignCodeApp.debug.xcconfig */;
			buildSettings = {
				ASSETCATALOG_COMPILER_APPICON_NAME = AppIcon;
				CODE_SIGN_STYLE = Automatic;
				DEVELOPMENT_TEAM = 4JN5ZWL7XP;
				INFOPLIST_FILE = DesignCodeApp/Info.plist;
				LD_RUNPATH_SEARCH_PATHS = "$(inherited) @executable_path/Frameworks";
				PRODUCT_BUNDLE_IDENTIFIER = com.rogerflorat.DesignCodeApp;
				PRODUCT_NAME = "$(TARGET_NAME)";
				SWIFT_VERSION = 4.0;
				TARGETED_DEVICE_FAMILY = "1,2";
			};
			name = Debug;
		};
		4F4D51C420348F890089933E /* Release */ = {
			isa = XCBuildConfiguration;
			baseConfigurationReference = FF57C0E2E5F2C1FFEDFF75F5 /* Pods-DesignCodeApp.release.xcconfig */;
			buildSettings = {
				ASSETCATALOG_COMPILER_APPICON_NAME = AppIcon;
				CODE_SIGN_STYLE = Automatic;
				DEVELOPMENT_TEAM = 4JN5ZWL7XP;
				INFOPLIST_FILE = DesignCodeApp/Info.plist;
				LD_RUNPATH_SEARCH_PATHS = "$(inherited) @executable_path/Frameworks";
				PRODUCT_BUNDLE_IDENTIFIER = com.rogerflorat.DesignCodeApp;
				PRODUCT_NAME = "$(TARGET_NAME)";
				SWIFT_VERSION = 4.0;
				TARGETED_DEVICE_FAMILY = "1,2";
			};
			name = Release;
		};
/* End XCBuildConfiguration section */

/* Begin XCConfigurationList section */
		4F4D51A820348F890089933E /* Build configuration list for PBXProject "DesignCodeApp" */ = {
			isa = XCConfigurationList;
			buildConfigurations = (
				4F4D51C020348F890089933E /* Debug */,
				4F4D51C120348F890089933E /* Release */,
			);
			defaultConfigurationIsVisible = 0;
			defaultConfigurationName = Release;
		};
		4F4D51C220348F890089933E /* Build configuration list for PBXNativeTarget "DesignCodeApp" */ = {
			isa = XCConfigurationList;
			buildConfigurations = (
				4F4D51C320348F890089933E /* Debug */,
				4F4D51C420348F890089933E /* Release */,
			);
			defaultConfigurationIsVisible = 0;
			defaultConfigurationName = Release;
		};
/* End XCConfigurationList section */

/* Begin XCVersionGroup section */
		4F4D51B720348F890089933E /* DesignCodeApp.xcdatamodeld */ = {
			isa = XCVersionGroup;
			children = (
				4F4D51B820348F890089933E /* DesignCodeApp.xcdatamodel */,
			);
			currentVersion = 4F4D51B820348F890089933E /* DesignCodeApp.xcdatamodel */;
			path = DesignCodeApp.xcdatamodeld;
			sourceTree = "<group>";
			versionGroupType = wrapper.xcdatamodel;
		};
/* End XCVersionGroup section */
	};
	rootObject = 4F4D51A520348F890089933E /* Project object */;
}
